{
  "nodes": {
    "darwin": {
      "inputs": {
        "nixpkgs": [
          "nixpkgs-unstable"
        ]
      },
      "locked": {
        "lastModified": 1700795494,
        "narHash": "sha256-gzGLZSiOhf155FW7262kdHo2YDeugp3VuIFb4/GGng0=",
        "owner": "LnL7",
        "repo": "nix-darwin",
        "rev": "4b9b83d5a92e8c1fbfd8eb27eda375908c11ec4d",
        "type": "github"
      },
      "original": {
        "owner": "LnL7",
        "ref": "master",
        "repo": "nix-darwin",
        "type": "github"
      }
    },
    "flake-compat": {
      "flake": false,
      "locked": {
        "lastModified": 1696426674,
        "narHash": "sha256-kvjfFW7WAETZlt09AgDn1MrtKzP7t90Vf7vypd3OL1U=",
        "owner": "edolstra",
        "repo": "flake-compat",
        "rev": "0f9255e01c2351cc7d116c072cb317785dd33b33",
        "type": "github"
      },
      "original": {
        "owner": "edolstra",
        "repo": "flake-compat",
        "type": "github"
      }
    },
    "flake-utils": {
      "inputs": {
        "systems": "systems"
      },
      "locked": {
        "lastModified": 1701680307,
        "narHash": "sha256-kAuep2h5ajznlPMD9rnQyffWG8EM/C73lejGofXvdM8=",
        "owner": "numtide",
        "repo": "flake-utils",
        "rev": "4022d587cbbfd70fe950c1e2083a02621806a725",
        "type": "github"
      },
      "original": {
        "owner": "numtide",
        "repo": "flake-utils",
        "type": "github"
      }
    },
    "home-manager": {
      "inputs": {
        "nixpkgs": [
          "nixpkgs-unstable"
        ]
      },
      "locked": {
        "lastModified": 1701728041,
        "narHash": "sha256-x0pyrI1vC8evVDxCxyO6olOyr4wlFg9+VS3C3p4xFYQ=",
        "owner": "nix-community",
        "repo": "home-manager",
        "rev": "ac7216918cd65f3824ba7817dea8f22e61221eaf",
        "type": "github"
      },
      "original": {
        "owner": "nix-community",
        "ref": "master",
        "repo": "home-manager",
        "type": "github"
      }
    },
    "nixos-stable": {
      "locked": {
        "lastModified": 1701615100,
        "narHash": "sha256-7VI84NGBvlCTduw2aHLVB62NvCiZUlALLqBe5v684Aw=",
        "owner": "nixos",
        "repo": "nixpkgs",
        "rev": "e9f06adb793d1cca5384907b3b8a4071d5d7cb19",
        "type": "github"
      },
      "original": {
        "owner": "nixos",
        "ref": "nixos-23.05",
        "repo": "nixpkgs",
        "type": "github"
      }
    },
    "nixos-unstable": {
      "locked": {
        "lastModified": 1701718080,
        "narHash": "sha256-6ovz0pG76dE0P170pmmZex1wWcQoeiomUZGggfH9XPs=",
        "owner": "nixos",
        "repo": "nixpkgs",
        "rev": "2c7f3c0fb7c08a0814627611d9d7d45ab6d75335",
        "type": "github"
      },
      "original": {
        "owner": "nixos",
        "ref": "nixos-unstable",
        "repo": "nixpkgs",
        "type": "github"
      }
    },
    "nixpkgs-master": {
      "locked": {
        "lastModified": 1701992362,
        "narHash": "sha256-T1OBbmXK3i51wpeBlylBPo0VmkX03lYaO6HYwzcCN44=",
        "owner": "nixos",
        "repo": "nixpkgs",
        "rev": "d25fad23420f68693084a01ce4b82f6c53cc607c",
        "type": "github"
      },
      "original": {
        "owner": "nixos",
        "ref": "master",
        "repo": "nixpkgs",
        "type": "github"
      }
    },
    "nixpkgs-stable": {
      "locked": {
        "lastModified": 1701947945,
        "narHash": "sha256-LQYbDa/Q8TVDqDQxPdual1xUH0qIYtIwaf0iioYUTE4=",
        "owner": "nixos",
        "repo": "nixpkgs",
        "rev": "4c09deda4a90bf00931694ed50188120bad43a76",
        "type": "github"
      },
      "original": {
        "owner": "nixos",
        "ref": "nixpkgs-23.05-darwin",
        "repo": "nixpkgs",
        "type": "github"
      }
    },
    "nixpkgs-unstable": {
      "locked": {
        "lastModified": 1701693815,
        "narHash": "sha256-7BkrXykVWfkn6+c1EhFA3ko4MLi3gVG0p9G96PNnKTM=",
        "owner": "nixos",
        "repo": "nixpkgs",
        "rev": "09ec6a0881e1a36c29d67497693a67a16f4da573",
        "type": "github"
      },
      "original": {
        "owner": "nixos",
        "ref": "nixpkgs-unstable",
        "repo": "nixpkgs",
        "type": "github"
      }
    },
    "root": {
      "inputs": {
        "darwin": "darwin",
        "flake-compat": "flake-compat",
        "flake-utils": "flake-utils",
        "home-manager": "home-manager",
        "nixos-stable": "nixos-stable",
        "nixos-unstable": "nixos-unstable",
        "nixpkgs-master": "nixpkgs-master",
        "nixpkgs-stable": "nixpkgs-stable",
        "nixpkgs-unstable": "nixpkgs-unstable",
        "spacemacs": "spacemacs",
        "zi": "zi"
      }
    },
    "spacemacs": {
      "flake": false,
      "locked": {
        "lastModified": 1663443599,
        "narHash": "sha256-DEKvlFi2927oGfaxnhCWd7AYU0TD8yyaWg4I+Fx+8V0=",
        "owner": "syl20bnr",
        "repo": "spacemacs",
        "rev": "491e17ba9cdcb253a3292a3049abb8767c91b9bb",
        "type": "github"
      },
      "original": {
        "owner": "syl20bnr",
        "ref": "master",
        "repo": "spacemacs",
        "type": "github"
      }
    },
    "systems": {
      "locked": {
        "lastModified": 1681028828,
        "narHash": "sha256-Vy1rq5AaRuLzOxct8nz4T6wlgyUR7zLU309k9mBC768=",
        "owner": "nix-systems",
        "repo": "default",
        "rev": "da67096a3b9bf56a91d16901293e51ba5b49a27e",
        "type": "github"
      },
      "original": {
        "owner": "nix-systems",
        "repo": "default",
        "type": "github"
      }
    },
    "zi": {
      "flake": false,
      "locked": {
        "lastModified": 1697545275,
        "narHash": "sha256-GBUNwzR6d00d2ui/J+NoGs7LcuNjVMmk4a+NBRzpY1s=",
        "owner": "z-shell",
        "repo": "zi",
        "rev": "ea1220567c9dc29231bb2516118cb95a69403c79",
        "type": "github"
      },
      "original": {
        "owner": "z-shell",
        "ref": "main",
        "repo": "zi",
        "type": "github"
      }
    }
  },
  "root": "root",
  "version": 7
}
